
Microsoft Visual Studio Solution File, Format Version 12.00
# Visual Studio 14
VisualStudioVersion = 14.0.25420.1
MinimumVisualStudioVersion = 10.0.40219.1
Project("{FAE04EC0-301F-11D3-BF4B-00C04F79EFBC}") = "WcfService", "WcfService\WcfService.csproj", "{6CFC695B-CFC8-4137-BFC7-D79011B8F78D}"
EndProject
Project("{FAE04EC0-301F-11D3-BF4B-00C04F79EFBC}") = "calculadora", "calculadora\calculadora.csproj", "{4726E570-F14C-4832-BDE1-C1D47BEC7FCE}"
	ProjectSection(ProjectDependencies) = postProject
		{6CFC695B-CFC8-4137-BFC7-D79011B8F78D} = {6CFC695B-CFC8-4137-BFC7-D79011B8F78D}
	EndProjectSection
EndProject
Global
	GlobalSection(SolutionConfigurationPlatforms) = preSolution
		Debug|Any CPU = Debug|Any CPU
		Release|Any CPU = Release|Any CPU
	EndGlobalSection
	GlobalSection(ProjectConfigurationPlatforms) = postSolution
		{6CFC695B-CFC8-4137-BFC7-D79011B8F78D}.Debug|Any CPU.ActiveCfg = Debug|Any CPU
		{6CFC695B-CFC8-4137-BFC7-D79011B8F78D}.Debug|Any CPU.Build.0 = Debug|Any CPU
		{6CFC695B-CFC8-4137-BFC7-D79011B8F78D}.Release|Any CPU.ActiveCfg = Release|Any CPU
		{6CFC695B-CFC8-4137-BFC7-D79011B8F78D}.Release|Any CPU.Build.0 = Release|Any CPU
		{4726E570-F14C-4832-BDE1-C1D47BEC7FCE}.Debug|Any CPU.ActiveCfg = Debug|Any CPU
		{4726E570-F14C-4832-BDE1-C1D47BEC7FCE}.Debug|Any CPU.Build.0 = Debug|Any CPU
		{4726E570-F14C-4832-BDE1-C1D47BEC7FCE}.Release|Any CPU.ActiveCfg = Release|Any CPU
		{4726E570-F14C-4832-BDE1-C1D47BEC7FCE}.Release|Any CPU.Build.0 = Release|Any CPU
	EndGlobalSection
	GlobalSection(SolutionProperties) = preSolution
		HideSolutionNode = FALSE
	EndGlobalSection
EndGlobal
